// !$*UTF8*$!
{
	archiveVersion = 1;
	classes = {
	};
	objectVersion = 56;
	objects = {

/* Begin PBXBuildFile section */
		33A9446E2AE94308009DF498 /* BeauchampsPlannerApp.swift in Sources */ = {isa = PBXBuildFile; fileRef = 33A9446D2AE94308009DF498 /* BeauchampsPlannerApp.swift */; };
		33A944702AE94308009DF498 /* ContentView.swift in Sources */ = {isa = PBXBuildFile; fileRef = 33A9446F2AE94308009DF498 /* ContentView.swift */; };
		33A944722AE94309009DF498 /* Assets.xcassets in Resources */ = {isa = PBXBuildFile; fileRef = 33A944712AE94309009DF498 /* Assets.xcassets */; };
		33A944752AE94309009DF498 /* Preview Assets.xcassets in Resources */ = {isa = PBXBuildFile; fileRef = 33A944742AE94309009DF498 /* Preview Assets.xcassets */; };
		33A9447C2AE943B2009DF498 /* PlannerView.swift in Sources */ = {isa = PBXBuildFile; fileRef = 33A9447B2AE943B2009DF498 /* PlannerView.swift */; };
		33A9447E2AE943BF009DF498 /* DiaryView.swift in Sources */ = {isa = PBXBuildFile; fileRef = 33A9447D2AE943BF009DF498 /* DiaryView.swift */; };
		33A944862AE9441C009DF498 /* ViewModel.swift in Sources */ = {isa = PBXBuildFile; fileRef = 33A944852AE9441C009DF498 /* ViewModel.swift */; };
		33F52EF22B2B3E84004C2FF2 /* EntryView.swift in Sources */ = {isa = PBXBuildFile; fileRef = 33F52EF12B2B3E84004C2FF2 /* EntryView.swift */; };
		33F52EF42B2B3EC6004C2FF2 /* Entry.swift in Sources */ = {isa = PBXBuildFile; fileRef = 33F52EF32B2B3EC6004C2FF2 /* Entry.swift */; };
/* End PBXBuildFile section */

/* Begin PBXFileReference section */
		33A9446A2AE94308009DF498 /* BeauchampsPlanner.app */ = {isa = PBXFileReference; explicitFileType = wrapper.application; includeInIndex = 0; path = BeauchampsPlanner.app; sourceTree = BUILT_PRODUCTS_DIR; };
		33A9446D2AE94308009DF498 /* BeauchampsPlannerApp.swift */ = {isa = PBXFileReference; lastKnownFileType = sourcecode.swift; path = BeauchampsPlannerApp.swift; sourceTree = "<group>"; };
		33A9446F2AE94308009DF498 /* ContentView.swift */ = {isa = PBXFileReference; lastKnownFileType = sourcecode.swift; path = ContentView.swift; sourceTree = "<group>"; };
		33A944712AE94309009DF498 /* Assets.xcassets */ = {isa = PBXFileReference; lastKnownFileType = folder.assetcatalog; path = Assets.xcassets; sourceTree = "<group>"; };
		33A944742AE94309009DF498 /* Preview Assets.xcassets */ = {isa = PBXFileReference; lastKnownFileType = folder.assetcatalog; path = "Preview Assets.xcassets"; sourceTree = "<group>"; };
		33A9447B2AE943B2009DF498 /* PlannerView.swift */ = {isa = PBXFileReference; lastKnownFileType = sourcecode.swift; path = PlannerView.swift; sourceTree = "<group>"; };
		33A9447D2AE943BF009DF498 /* DiaryView.swift */ = {isa = PBXFileReference; lastKnownFileType = sourcecode.swift; path = DiaryView.swift; sourceTree = "<group>"; };
		33A944852AE9441C009DF498 /* ViewModel.swift */ = {isa = PBXFileReference; lastKnownFileType = sourcecode.swift; path = ViewModel.swift; sourceTree = "<group>"; };
		33F52EF12B2B3E84004C2FF2 /* EntryView.swift */ = {isa = PBXFileReference; lastKnownFileType = sourcecode.swift; path = EntryView.swift; sourceTree = "<group>"; };
		33F52EF32B2B3EC6004C2FF2 /* Entry.swift */ = {isa = PBXFileReference; lastKnownFileType = sourcecode.swift; path = Entry.swift; sourceTree = "<group>"; };
/* End PBXFileReference section */

/* Begin PBXFrameworksBuildPhase section */
		33A944672AE94308009DF498 /* Frameworks */ = {
			isa = PBXFrameworksBuildPhase;
			buildActionMask = 2147483647;
			files = (
			);
			runOnlyForDeploymentPostprocessing = 0;
		};
/* End PBXFrameworksBuildPhase section */

/* Begin PBXGroup section */
		33A944612AE94308009DF498 = {
			isa = PBXGroup;
			children = (
				33A9446C2AE94308009DF498 /* BeauchampsPlanner */,
				33A9446B2AE94308009DF498 /* Products */,
			);
			sourceTree = "<group>";
		};
		33A9446B2AE94308009DF498 /* Products */ = {
			isa = PBXGroup;
			children = (
				33A9446A2AE94308009DF498 /* BeauchampsPlanner.app */,
			);
			name = Products;
			sourceTree = "<group>";
		};
		33A9446C2AE94308009DF498 /* BeauchampsPlanner */ = {
			isa = PBXGroup;
			children = (
				33A9446D2AE94308009DF498 /* BeauchampsPlannerApp.swift */,
				33F52EF52B2B4154004C2FF2 /* View */,
				33F52EF62B2B416D004C2FF2 /* ViewModel */,
				33F52EF72B2B4174004C2FF2 /* Model */,
				33A944712AE94309009DF498 /* Assets.xcassets */,
				33A944732AE94309009DF498 /* Preview Content */,
			);
			path = BeauchampsPlanner;
			sourceTree = "<group>";
		};
		33A944732AE94309009DF498 /* Preview Content */ = {
			isa = PBXGroup;
			children = (
				33A944742AE94309009DF498 /* Preview Assets.xcassets */,
			);
			path = "Preview Content";
			sourceTree = "<group>";
		};
		33F52EF52B2B4154004C2FF2 /* View */ = {
			isa = PBXGroup;
			children = (
				33A9446F2AE94308009DF498 /* ContentView.swift */,
				33A9447B2AE943B2009DF498 /* PlannerView.swift */,
				33A9447D2AE943BF009DF498 /* DiaryView.swift */,
				33F52EF12B2B3E84004C2FF2 /* EntryView.swift */,
			);
			path = View;
			sourceTree = "<group>";
		};
		33F52EF62B2B416D004C2FF2 /* ViewModel */ = {
			isa = PBXGroup;
			children = (
				33A944852AE9441C009DF498 /* ViewModel.swift */,
			);
			path = ViewModel;
			sourceTree = "<group>";
		};
		33F52EF72B2B4174004C2FF2 /* Model */ = {
			isa = PBXGroup;
			children = (
				33F52EF32B2B3EC6004C2FF2 /* Entry.swift */,
			);
			path = Model;
			sourceTree = "<group>";
		};
/* End PBXGroup section */

/* Begin PBXNativeTarget section */
		33A944692AE94308009DF498 /* BeauchampsPlanner */ = {
			isa = PBXNativeTarget;
			buildConfigurationList = 33A944782AE94309009DF498 /* Build configuration list for PBXNativeTarget "BeauchampsPlanner" */;
			buildPhases = (
				33A944662AE94308009DF498 /* Sources */,
				33A944672AE94308009DF498 /* Frameworks */,
				33A944682AE94308009DF498 /* Resources */,
			);
			buildRules = (
			);
			dependencies = (
			);
			name = BeauchampsPlanner;
			productName = BeauchampsPlanner;
			productReference = 33A9446A2AE94308009DF498 /* BeauchampsPlanner.app */;
			productType = "com.apple.product-type.application";
		};
/* End PBXNativeTarget section */

/* Begin PBXProject section */
		33A944622AE94308009DF498 /* Project object */ = {
			isa = PBXProject;
			attributes = {
				BuildIndependentTargetsInParallel = 1;
				LastSwiftUpdateCheck = 1430;
				LastUpgradeCheck = 1500;
				TargetAttributes = {
					33A944692AE94308009DF498 = {
						CreatedOnToolsVersion = 14.3.1;
					};
				};
			};
			buildConfigurationList = 33A944652AE94308009DF498 /* Build configuration list for PBXProject "BeauchampsPlanner" */;
			compatibilityVersion = "Xcode 14.0";
			developmentRegion = en;
			hasScannedForEncodings = 0;
			knownRegions = (
				en,
				Base,
			);
			mainGroup = 33A944612AE94308009DF498;
			productRefGroup = 33A9446B2AE94308009DF498 /* Products */;
			projectDirPath = "";
			projectRoot = "";
			targets = (
				33A944692AE94308009DF498 /* BeauchampsPlanner */,
			);
		};
/* End PBXProject section */

/* Begin PBXResourcesBuildPhase section */
		33A944682AE94308009DF498 /* Resources */ = {
			isa = PBXResourcesBuildPhase;
			buildActionMask = 2147483647;
			files = (
				33A944752AE94309009DF498 /* Preview Assets.xcassets in Resources */,
				33A944722AE94309009DF498 /* Assets.xcassets in Resources */,
			);
			runOnlyForDeploymentPostprocessing = 0;
		};
/* End PBXResourcesBuildPhase section */

/* Begin PBXSourcesBuildPhase section */
		33A944662AE94308009DF498 /* Sources */ = {
			isa = PBXSourcesBuildPhase;
			buildActionMask = 2147483647;
			files = (
				33F52EF42B2B3EC6004C2FF2 /* Entry.swift in Sources */,
				33A944702AE94308009DF498 /* ContentView.swift in Sources */,
				33A944862AE9441C009DF498 /* ViewModel.swift in Sources */,
				33A9446E2AE94308009DF498 /* BeauchampsPlannerApp.swift in Sources */,
				33A9447E2AE943BF009DF498 /* DiaryView.swift in Sources */,
				33A9447C2AE943B2009DF498 /* PlannerView.swift in Sources */,
				33F52EF22B2B3E84004C2FF2 /* EntryView.swift in Sources */,
			);
			runOnlyForDeploymentPostprocessing = 0;
		};
/* End PBXSourcesBuildPhase section */

/* Begin XCBuildConfiguration section */
		33A944762AE94309009DF498 /* Debug */ = {
			isa = XCBuildConfiguration;
			buildSettings = {
				ALWAYS_SEARCH_USER_PATHS = NO;
				CLANG_ANALYZER_NONNULL = YES;
				CLANG_ANALYZER_NUMBER_OBJECT_CONVERSION = YES_AGGRESSIVE;
				CLANG_CXX_LANGUAGE_STANDARD = "gnu++20";
				CLANG_ENABLE_MODULES = YES;
				CLANG_ENABLE_OBJC_ARC = YES;
				CLANG_ENABLE_OBJC_WEAK = YES;
				CLANG_WARN_BLOCK_CAPTURE_AUTORELEASING = YES;
				CLANG_WARN_BOOL_CONVERSION = YES;
				CLANG_WARN_COMMA = YES;
				CLANG_WARN_CONSTANT_CONVERSION = YES;
				CLANG_WARN_DEPRECATED_OBJC_IMPLEMENTATIONS = YES;
				CLANG_WARN_DIRECT_OBJC_ISA_USAGE = YES_ERROR;
				CLANG_WARN_DOCUMENTATION_COMMENTS = YES;
				CLANG_WARN_EMPTY_BODY = YES;
				CLANG_WARN_ENUM_CONVERSION = YES;
				CLANG_WARN_INFINITE_RECURSION = YES;
				CLANG_WARN_INT_CONVERSION = YES;
				CLANG_WARN_NON_LITERAL_NULL_CONVERSION = YES;
				CLANG_WARN_OBJC_IMPLICIT_RETAIN_SELF = YES;
				CLANG_WARN_OBJC_LITERAL_CONVERSION = YES;
				CLANG_WARN_OBJC_ROOT_CLASS = YES_ERROR;
				CLANG_WARN_QUOTED_INCLUDE_IN_FRAMEWORK_HEADER = YES;
				CLANG_WARN_RANGE_LOOP_ANALYSIS = YES;
				CLANG_WARN_STRICT_PROTOTYPES = YES;
				CLANG_WARN_SUSPICIOUS_MOVE = YES;
				CLANG_WARN_UNGUARDED_AVAILABILITY = YES_AGGRESSIVE;
				CLANG_WARN_UNREACHABLE_CODE = YES;
				CLANG_WARN__DUPLICATE_METHOD_MATCH = YES;
				COPY_PHASE_STRIP = NO;
				DEBUG_INFORMATION_FORMAT = dwarf;
				ENABLE_STRICT_OBJC_MSGSEND = YES;
				ENABLE_TESTABILITY = YES;
				ENABLE_USER_SCRIPT_SANDBOXING = YES;
				GCC_C_LANGUAGE_STANDARD = gnu11;
				GCC_DYNAMIC_NO_PIC = NO;
				GCC_NO_COMMON_BLOCKS = YES;
				GCC_OPTIMIZATION_LEVEL = 0;
				GCC_PREPROCESSOR_DEFINITIONS = (
					"DEBUG=1",
					"$(inherited)",
				);
				GCC_WARN_64_TO_32_BIT_CONVERSION = YES;
				GCC_WARN_ABOUT_RETURN_TYPE = YES_ERROR;
				GCC_WARN_UNDECLARED_SELECTOR = YES;
				GCC_WARN_UNINITIALIZED_AUTOS = YES_AGGRESSIVE;
				GCC_WARN_UNUSED_FUNCTION = YES;
				GCC_WARN_UNUSED_VARIABLE = YES;
				IPHONEOS_DEPLOYMENT_TARGET = 16.4;
				MTL_ENABLE_DEBUG_INFO = INCLUDE_SOURCE;
				MTL_FAST_MATH = YES;
				ONLY_ACTIVE_ARCH = YES;
				SDKROOT = iphoneos;
				SWIFT_ACTIVE_COMPILATION_CONDITIONS = DEBUG;
				SWIFT_OPTIMIZATION_LEVEL = "-Onone";
			};
			name = Debug;
		};
		33A944772AE94309009DF498 /* Release */ = {
			isa = XCBuildConfiguration;
			buildSettings = {
				ALWAYS_SEARCH_USER_PATHS = NO;
				CLANG_ANALYZER_NONNULL = YES;
				CLANG_ANALYZER_NUMBER_OBJECT_CONVERSION = YES_AGGRESSIVE;
				CLANG_CXX_LANGUAGE_STANDARD = "gnu++20";
				CLANG_ENABLE_MODULES = YES;
				CLANG_ENABLE_OBJC_ARC = YES;
				CLANG_ENABLE_OBJC_WEAK = YES;
				CLANG_WARN_BLOCK_CAPTURE_AUTORELEASING = YES;
				CLANG_WARN_BOOL_CONVERSION = YES;
				CLANG_WARN_COMMA = YES;
				CLANG_WARN_CONSTANT_CONVERSION = YES;
				CLANG_WARN_DEPRECATED_OBJC_IMPLEMENTATIONS = YES;
				CLANG_WARN_DIRECT_OBJC_ISA_USAGE = YES_ERROR;
				CLANG_WARN_DOCUMENTATION_COMMENTS = YES;
				CLANG_WARN_EMPTY_BODY = YES;
				CLANG_WARN_ENUM_CONVERSION = YES;
				CLANG_WARN_INFINITE_RECURSION = YES;
				CLANG_WARN_INT_CONVERSION = YES;
				CLANG_WARN_NON_LITERAL_NULL_CONVERSION = YES;
				CLANG_WARN_OBJC_IMPLICIT_RETAIN_SELF = YES;
				CLANG_WARN_OBJC_LITERAL_CONVERSION = YES;
				CLANG_WARN_OBJC_ROOT_CLASS = YES_ERROR;
				CLANG_WARN_QUOTED_INCLUDE_IN_FRAMEWORK_HEADER = YES;
				CLANG_WARN_RANGE_LOOP_ANALYSIS = YES;
				CLANG_WARN_STRICT_PROTOTYPES = YES;
				CLANG_WARN_SUSPICIOUS_MOVE = YES;
				CLANG_WARN_UNGUARDED_AVAILABILITY = YES_AGGRESSIVE;
				CLANG_WARN_UNREACHABLE_CODE = YES;
				CLANG_WARN__DUPLICATE_METHOD_MATCH = YES;
				COPY_PHASE_STRIP = NO;
				DEBUG_INFORMATION_FORMAT = "dwarf-with-dsym";
				ENABLE_NS_ASSERTIONS = NO;
				ENABLE_STRICT_OBJC_MSGSEND = YES;
				ENABLE_USER_SCRIPT_SANDBOXING = YES;
				GCC_C_LANGUAGE_STANDARD = gnu11;
				GCC_NO_COMMON_BLOCKS = YES;
				GCC_WARN_64_TO_32_BIT_CONVERSION = YES;
				GCC_WARN_ABOUT_RETURN_TYPE = YES_ERROR;
				GCC_WARN_UNDECLARED_SELECTOR = YES;
				GCC_WARN_UNINITIALIZED_AUTOS = YES_AGGRESSIVE;
				GCC_WARN_UNUSED_FUNCTION = YES;
				GCC_WARN_UNUSED_VARIABLE = YES;
				IPHONEOS_DEPLOYMENT_TARGET = 16.4;
				MTL_ENABLE_DEBUG_INFO = NO;
				MTL_FAST_MATH = YES;
				SDKROOT = iphoneos;
				SWIFT_COMPILATION_MODE = wholemodule;
				SWIFT_OPTIMIZATION_LEVEL = "-O";
				VALIDATE_PRODUCT = YES;
			};
			name = Release;
		};
		33A944792AE94309009DF498 /* Debug */ = {
			isa = XCBuildConfiguration;
			buildSettings = {
				ASSETCATALOG_COMPILER_APPICON_NAME = AppIcon;
				ASSETCATALOG_COMPILER_GLOBAL_ACCENT_COLOR_NAME = AccentColor;
				CODE_SIGN_STYLE = Automatic;
				CURRENT_PROJECT_VERSION = 1;
				DEVELOPMENT_ASSET_PATHS = "\"BeauchampsPlanner/Preview Content\"";
				ENABLE_PREVIEWS = YES;
				GENERATE_INFOPLIST_FILE = YES;
				INFOPLIST_KEY_UIApplicationSceneManifest_Generation = YES;
				INFOPLIST_KEY_UIApplicationSupportsIndirectInputEvents = YES;
				INFOPLIST_KEY_UILaunchScreen_Generation = YES;
				INFOPLIST_KEY_UISupportedInterfaceOrientations_iPad = "UIInterfaceOrientationPortrait UIInterfaceOrientationPortraitUpsideDown UIInterfaceOrientationLandscapeLeft UIInterfaceOrientationLandscapeRight";
				INFOPLIST_KEY_UISupportedInterfaceOrientations_iPhone = "UIInterfaceOrientationPortrait UIInterfaceOrientationLandscapeLeft UIInterfaceOrientationLandscapeRight";
				LD_RUNPATH_SEARCH_PATHS = (
					"$(inherited)",
					"@executable_path/Frameworks",
				);
				MARKETING_VERSION = 1.0;
				PRODUCT_BUNDLE_IDENTIFIER = com.yourcompany.BeauchampsPlanner;
				PRODUCT_NAME = "$(TARGET_NAME)";
				SWIFT_EMIT_LOC_STRINGS = YES;
				SWIFT_VERSION = 5.0;
				TARGETED_DEVICE_FAMILY = "1,2";
			};
			name = Debug;
		};
		33A9447A2AE94309009DF498 /* Release */ = {
			isa = XCBuildConfiguration;
			buildSettings = {
				ASSETCATALOG_COMPILER_APPICON_NAME = AppIcon;
				ASSETCATALOG_COMPILER_GLOBAL_ACCENT_COLOR_NAME = AccentColor;
				CODE_SIGN_STYLE = Automatic;
				CURRENT_PROJECT_VERSION = 1;
				DEVELOPMENT_ASSET_PATHS = "\"BeauchampsPlanner/Preview Content\"";
				ENABLE_PREVIEWS = YES;
				GENERATE_INFOPLIST_FILE = YES;
				INFOPLIST_KEY_UIApplicationSceneManifest_Generation = YES;
				INFOPLIST_KEY_UIApplicationSupportsIndirectInputEvents = YES;
				INFOPLIST_KEY_UILaunchScreen_Generation = YES;
				INFOPLIST_KEY_UISupportedInterfaceOrientations_iPad = "UIInterfaceOrientationPortrait UIInterfaceOrientationPortraitUpsideDown UIInterfaceOrientationLandscapeLeft UIInterfaceOrientationLandscapeRight";
				INFOPLIST_KEY_UISupportedInterfaceOrientations_iPhone = "UIInterfaceOrientationPortrait UIInterfaceOrientationLandscapeLeft UIInterfaceOrientationLandscapeRight";
				LD_RUNPATH_SEARCH_PATHS = (
					"$(inherited)",
					"@executable_path/Frameworks",
				);
				MARKETING_VERSION = 1.0;
				PRODUCT_BUNDLE_IDENTIFIER = com.yourcompany.BeauchampsPlanner;
				PRODUCT_NAME = "$(TARGET_NAME)";
				SWIFT_EMIT_LOC_STRINGS = YES;
				SWIFT_VERSION = 5.0;
				TARGETED_DEVICE_FAMILY = "1,2";
			};
			name = Release;
		};
/* End XCBuildConfiguration section */

/* Begin XCConfigurationList section */
		33A944652AE94308009DF498 /* Build configuration list for PBXProject "BeauchampsPlanner" */ = {
			isa = XCConfigurationList;
			buildConfigurations = (
				33A944762AE94309009DF498 /* Debug */,
				33A944772AE94309009DF498 /* Release */,
			);
			defaultConfigurationIsVisible = 0;
			defaultConfigurationName = Release;
		};
		33A944782AE94309009DF498 /* Build configuration list for PBXNativeTarget "BeauchampsPlanner" */ = {
			isa = XCConfigurationList;
			buildConfigurations = (
				33A944792AE94309009DF498 /* Debug */,
				33A9447A2AE94309009DF498 /* Release */,
			);
			defaultConfigurationIsVisible = 0;
			defaultConfigurationName = Release;
		};
/* End XCConfigurationList section */
	};
	rootObject = 33A944622AE94308009DF498 /* Project object */;
}
